
Microsoft Visual Studio Solution File, Format Version 12.00
# Visual Studio Version 17
VisualStudioVersion = 17.1.32210.238
MinimumVisualStudioVersion = 10.0.40219.1
Project("{FAE04EC0-301F-11D3-BF4B-00C04F79EFBC}") = "ChatSignalR", "ChatSignalR.csproj", "{8153CEB4-F9A0-45A5-AD27-DB8866AB2703}"
EndProject
Global
	GlobalSection(SolutionConfigurationPlatforms) = preSolution
		Debug|Any CPU = Debug|Any CPU
		Release|Any CPU = Release|Any CPU
	EndGlobalSection
	GlobalSection(ProjectConfigurationPlatforms) = postSolution
		{8153CEB4-F9A0-45A5-AD27-DB8866AB2703}.Debug|Any CPU.ActiveCfg = Debug|Any CPU
		{8153CEB4-F9A0-45A5-AD27-DB8866AB2703}.Debug|Any CPU.Build.0 = Debug|Any CPU
		{8153CEB4-F9A0-45A5-AD27-DB8866AB2703}.Release|Any CPU.ActiveCfg = Release|Any CPU
		{8153CEB4-F9A0-45A5-AD27-DB8866AB2703}.Release|Any CPU.Build.0 = Release|Any CPU
	EndGlobalSection
	GlobalSection(SolutionProperties) = preSolution
		HideSolutionNode = FALSE
	EndGlobalSection
	GlobalSection(ExtensibilityGlobals) = postSolution
		SolutionGuid = {A1AF90BF-6DD7-46C5-9550-A5547EB1C865}
	EndGlobalSection
EndGlobal
